
Microsoft Visual Studio Solution File, Format Version 12.00
# Visual Studio Version 17
VisualStudioVersion = 17.9.34622.214
MinimumVisualStudioVersion = 10.0.40219.1
Project("{FAE04EC0-301F-11D3-BF4B-00C04F79EFBC}") = "eTickets", "eTickets\eTickets.csproj", "{D3FDE05C-301D-4EE3-9F7D-A420608805BE}"
EndProject
Global
	GlobalSection(SolutionConfigurationPlatforms) = preSolution
		Debug|Any CPU = Debug|Any CPU
		Release|Any CPU = Release|Any CPU
	EndGlobalSection
	GlobalSection(ProjectConfigurationPlatforms) = postSolution
		{D3FDE05C-301D-4EE3-9F7D-A420608805BE}.Debug|Any CPU.ActiveCfg = Debug|Any CPU
		{D3FDE05C-301D-4EE3-9F7D-A420608805BE}.Debug|Any CPU.Build.0 = Debug|Any CPU
		{D3FDE05C-301D-4EE3-9F7D-A420608805BE}.Release|Any CPU.ActiveCfg = Release|Any CPU
		{D3FDE05C-301D-4EE3-9F7D-A420608805BE}.Release|Any CPU.Build.0 = Release|Any CPU
	EndGlobalSection
	GlobalSection(SolutionProperties) = preSolution
		HideSolutionNode = FALSE
	EndGlobalSection
	GlobalSection(ExtensibilityGlobals) = postSolution
		SolutionGuid = {B3E73A2A-402D-4B42-A1DE-6894C582B960}
	EndGlobalSection
EndGlobal
